
Microsoft Visual Studio Solution File, Format Version 12.00
# Visual Studio Version 16
VisualStudioVersion = 16.0.30114.105
MinimumVisualStudioVersion = 10.0.40219.1
Project("{FAE04EC0-301F-11D3-BF4B-00C04F79EFBC}") = "Consumo de Combustível", "Consumo de Combustível\Consumo de Combustível.csproj", "{D31954DB-ACE5-4ADE-BA11-5AA896CDBDBE}"
EndProject
Global
	GlobalSection(SolutionConfigurationPlatforms) = preSolution
		Debug|Any CPU = Debug|Any CPU
		Release|Any CPU = Release|Any CPU
	EndGlobalSection
	GlobalSection(ProjectConfigurationPlatforms) = postSolution
		{D31954DB-ACE5-4ADE-BA11-5AA896CDBDBE}.Debug|Any CPU.ActiveCfg = Debug|Any CPU
		{D31954DB-ACE5-4ADE-BA11-5AA896CDBDBE}.Debug|Any CPU.Build.0 = Debug|Any CPU
		{D31954DB-ACE5-4ADE-BA11-5AA896CDBDBE}.Release|Any CPU.ActiveCfg = Release|Any CPU
		{D31954DB-ACE5-4ADE-BA11-5AA896CDBDBE}.Release|Any CPU.Build.0 = Release|Any CPU
	EndGlobalSection
	GlobalSection(SolutionProperties) = preSolution
		HideSolutionNode = FALSE
	EndGlobalSection
	GlobalSection(ExtensibilityGlobals) = postSolution
		SolutionGuid = {A4B5F5D2-4F29-42F8-811A-45E9B3AB630C}
	EndGlobalSection
EndGlobal
